{
  "requires": true,
  "lockfileVersion": 1,
  "dependencies": {
    "eslint-plugin-promise": {
      "version": "4.0.1",
      "resolved": "https://registry.npmjs.org/eslint-plugin-promise/-/eslint-plugin-promise-4.0.1.tgz",
      "integrity": "sha512-Si16O0+Hqz1gDHsys6RtFRrW7cCTB6P7p3OJmKp3Y3dxpQE2qwOA7d3xnV+0mBmrPoi0RBnxlCKvqu70te6wjg=="
    }
  }
}
